
Microsoft Visual Studio Solution File, Format Version 12.00
# Visual Studio 15
VisualStudioVersion = 15.0.25920.0
MinimumVisualStudioVersion = 10.0.40219.1
Project("{2150E333-8FDC-42A3-9474-1A3956D46DE8}") = "Starters", "Starters", "{D6F69A8B-A365-4630-A531-9A178000E9BF}"
EndProject
Project("{FAE04EC0-301F-11D3-BF4B-00C04F79EFBC}") = "NetObjects", "NetObjects\NetObjects.csproj", "{7C123847-877B-4423-996C-06D6BFF5B8B2}"
EndProject
Project("{FAE04EC0-301F-11D3-BF4B-00C04F79EFBC}") = "NetObjectsTests", "NetObjectsTests\NetObjectsTests.csproj", "{96F4C295-E892-4DE2-8666-88B10E50764E}"
EndProject
Project("{FAE04EC0-301F-11D3-BF4B-00C04F79EFBC}") = "WPFCreateCalculationTasks", "StartCalculating\WPFCreateCalculationTasks.csproj", "{FAE136DD-23BC-438E-B2A0-B19F91A71196}"
EndProject
Project("{FAE04EC0-301F-11D3-BF4B-00C04F79EFBC}") = "ConsoleStarter", "StartSolution\ConsoleStarter.csproj", "{1A034888-EB48-4425-BF47-6EFCED1B99FD}"
EndProject
Project("{FAE04EC0-301F-11D3-BF4B-00C04F79EFBC}") = "LogAnaliser", "LogAnaliser\LogAnaliser.csproj", "{E06DCEC8-AB7B-4307-8D6F-F9C801F96896}"
EndProject
Global
	GlobalSection(SolutionConfigurationPlatforms) = preSolution
		Debug|Any CPU = Debug|Any CPU
		Debug|Mixed Platforms = Debug|Mixed Platforms
		Debug|x64 = Debug|x64
		Debug|x86 = Debug|x86
		Release|Any CPU = Release|Any CPU
		Release|Mixed Platforms = Release|Mixed Platforms
		Release|x64 = Release|x64
		Release|x86 = Release|x86
	EndGlobalSection
	GlobalSection(ProjectConfigurationPlatforms) = postSolution
		{7C123847-877B-4423-996C-06D6BFF5B8B2}.Debug|Any CPU.ActiveCfg = Debug|Any CPU
		{7C123847-877B-4423-996C-06D6BFF5B8B2}.Debug|Any CPU.Build.0 = Debug|Any CPU
		{7C123847-877B-4423-996C-06D6BFF5B8B2}.Debug|Mixed Platforms.ActiveCfg = Debug|Any CPU
		{7C123847-877B-4423-996C-06D6BFF5B8B2}.Debug|Mixed Platforms.Build.0 = Debug|Any CPU
		{7C123847-877B-4423-996C-06D6BFF5B8B2}.Debug|x64.ActiveCfg = Debug|Any CPU
		{7C123847-877B-4423-996C-06D6BFF5B8B2}.Debug|x86.ActiveCfg = Debug|Any CPU
		{7C123847-877B-4423-996C-06D6BFF5B8B2}.Release|Any CPU.ActiveCfg = Release|Any CPU
		{7C123847-877B-4423-996C-06D6BFF5B8B2}.Release|Any CPU.Build.0 = Release|Any CPU
		{7C123847-877B-4423-996C-06D6BFF5B8B2}.Release|Mixed Platforms.ActiveCfg = Release|Any CPU
		{7C123847-877B-4423-996C-06D6BFF5B8B2}.Release|Mixed Platforms.Build.0 = Release|Any CPU
		{7C123847-877B-4423-996C-06D6BFF5B8B2}.Release|x64.ActiveCfg = Release|Any CPU
		{7C123847-877B-4423-996C-06D6BFF5B8B2}.Release|x86.ActiveCfg = Release|Any CPU
		{96F4C295-E892-4DE2-8666-88B10E50764E}.Debug|Any CPU.ActiveCfg = Debug|Any CPU
		{96F4C295-E892-4DE2-8666-88B10E50764E}.Debug|Any CPU.Build.0 = Debug|Any CPU
		{96F4C295-E892-4DE2-8666-88B10E50764E}.Debug|Mixed Platforms.ActiveCfg = Debug|Any CPU
		{96F4C295-E892-4DE2-8666-88B10E50764E}.Debug|Mixed Platforms.Build.0 = Debug|Any CPU
		{96F4C295-E892-4DE2-8666-88B10E50764E}.Debug|x64.ActiveCfg = Debug|Any CPU
		{96F4C295-E892-4DE2-8666-88B10E50764E}.Debug|x86.ActiveCfg = Debug|Any CPU
		{96F4C295-E892-4DE2-8666-88B10E50764E}.Release|Any CPU.ActiveCfg = Release|Any CPU
		{96F4C295-E892-4DE2-8666-88B10E50764E}.Release|Any CPU.Build.0 = Release|Any CPU
		{96F4C295-E892-4DE2-8666-88B10E50764E}.Release|Mixed Platforms.ActiveCfg = Release|Any CPU
		{96F4C295-E892-4DE2-8666-88B10E50764E}.Release|Mixed Platforms.Build.0 = Release|Any CPU
		{96F4C295-E892-4DE2-8666-88B10E50764E}.Release|x64.ActiveCfg = Release|Any CPU
		{96F4C295-E892-4DE2-8666-88B10E50764E}.Release|x86.ActiveCfg = Release|Any CPU
		{FAE136DD-23BC-438E-B2A0-B19F91A71196}.Debug|Any CPU.ActiveCfg = Debug|x86
		{FAE136DD-23BC-438E-B2A0-B19F91A71196}.Debug|Mixed Platforms.ActiveCfg = Debug|x86
		{FAE136DD-23BC-438E-B2A0-B19F91A71196}.Debug|Mixed Platforms.Build.0 = Debug|x86
		{FAE136DD-23BC-438E-B2A0-B19F91A71196}.Debug|x64.ActiveCfg = Debug|x86
		{FAE136DD-23BC-438E-B2A0-B19F91A71196}.Debug|x86.ActiveCfg = Debug|x86
		{FAE136DD-23BC-438E-B2A0-B19F91A71196}.Debug|x86.Build.0 = Debug|x86
		{FAE136DD-23BC-438E-B2A0-B19F91A71196}.Release|Any CPU.ActiveCfg = Release|x86
		{FAE136DD-23BC-438E-B2A0-B19F91A71196}.Release|Mixed Platforms.ActiveCfg = Release|x86
		{FAE136DD-23BC-438E-B2A0-B19F91A71196}.Release|Mixed Platforms.Build.0 = Release|x86
		{FAE136DD-23BC-438E-B2A0-B19F91A71196}.Release|x64.ActiveCfg = Release|x86
		{FAE136DD-23BC-438E-B2A0-B19F91A71196}.Release|x86.ActiveCfg = Release|x86
		{FAE136DD-23BC-438E-B2A0-B19F91A71196}.Release|x86.Build.0 = Release|x86
		{1A034888-EB48-4425-BF47-6EFCED1B99FD}.Debug|Any CPU.ActiveCfg = Debug|x86
		{1A034888-EB48-4425-BF47-6EFCED1B99FD}.Debug|Any CPU.Build.0 = Debug|x86
		{1A034888-EB48-4425-BF47-6EFCED1B99FD}.Debug|Mixed Platforms.ActiveCfg = Debug|x86
		{1A034888-EB48-4425-BF47-6EFCED1B99FD}.Debug|Mixed Platforms.Build.0 = Debug|x86
		{1A034888-EB48-4425-BF47-6EFCED1B99FD}.Debug|x64.ActiveCfg = Debug|x64
		{1A034888-EB48-4425-BF47-6EFCED1B99FD}.Debug|x64.Build.0 = Debug|x64
		{1A034888-EB48-4425-BF47-6EFCED1B99FD}.Debug|x86.ActiveCfg = Debug|x86
		{1A034888-EB48-4425-BF47-6EFCED1B99FD}.Debug|x86.Build.0 = Debug|x86
		{1A034888-EB48-4425-BF47-6EFCED1B99FD}.Release|Any CPU.ActiveCfg = Release|x86
		{1A034888-EB48-4425-BF47-6EFCED1B99FD}.Release|Any CPU.Build.0 = Release|x86
		{1A034888-EB48-4425-BF47-6EFCED1B99FD}.Release|Mixed Platforms.ActiveCfg = Release|x64
		{1A034888-EB48-4425-BF47-6EFCED1B99FD}.Release|Mixed Platforms.Build.0 = Release|x64
		{1A034888-EB48-4425-BF47-6EFCED1B99FD}.Release|x64.ActiveCfg = Release|x64
		{1A034888-EB48-4425-BF47-6EFCED1B99FD}.Release|x64.Build.0 = Release|x64
		{1A034888-EB48-4425-BF47-6EFCED1B99FD}.Release|x86.ActiveCfg = Release|x86
		{1A034888-EB48-4425-BF47-6EFCED1B99FD}.Release|x86.Build.0 = Release|x86
		{E06DCEC8-AB7B-4307-8D6F-F9C801F96896}.Debug|Any CPU.ActiveCfg = Debug|x86
		{E06DCEC8-AB7B-4307-8D6F-F9C801F96896}.Debug|Mixed Platforms.ActiveCfg = Debug|x86
		{E06DCEC8-AB7B-4307-8D6F-F9C801F96896}.Debug|Mixed Platforms.Build.0 = Debug|x86
		{E06DCEC8-AB7B-4307-8D6F-F9C801F96896}.Debug|x64.ActiveCfg = Debug|x86
		{E06DCEC8-AB7B-4307-8D6F-F9C801F96896}.Debug|x86.ActiveCfg = Debug|x86
		{E06DCEC8-AB7B-4307-8D6F-F9C801F96896}.Debug|x86.Build.0 = Debug|x86
		{E06DCEC8-AB7B-4307-8D6F-F9C801F96896}.Release|Any CPU.ActiveCfg = Release|x86
		{E06DCEC8-AB7B-4307-8D6F-F9C801F96896}.Release|Mixed Platforms.ActiveCfg = Release|x86
		{E06DCEC8-AB7B-4307-8D6F-F9C801F96896}.Release|Mixed Platforms.Build.0 = Release|x86
		{E06DCEC8-AB7B-4307-8D6F-F9C801F96896}.Release|x64.ActiveCfg = Release|x86
		{E06DCEC8-AB7B-4307-8D6F-F9C801F96896}.Release|x86.ActiveCfg = Release|x86
		{E06DCEC8-AB7B-4307-8D6F-F9C801F96896}.Release|x86.Build.0 = Release|x86
	EndGlobalSection
	GlobalSection(SolutionProperties) = preSolution
		HideSolutionNode = FALSE
	EndGlobalSection
	GlobalSection(NestedProjects) = preSolution
		{FAE136DD-23BC-438E-B2A0-B19F91A71196} = {D6F69A8B-A365-4630-A531-9A178000E9BF}
		{1A034888-EB48-4425-BF47-6EFCED1B99FD} = {D6F69A8B-A365-4630-A531-9A178000E9BF}
	EndGlobalSection
EndGlobal
